
Microsoft Visual Studio Solution File, Format Version 12.00
# Visual Studio Version 16
VisualStudioVersion = 16.0.31112.23
MinimumVisualStudioVersion = 10.0.40219.1
Project("{8BC9CEB8-8B4A-11D0-8D11-00A0C91BC942}") = "Task_4-2", "Task_4-2.vcxproj", "{03164099-770F-48C6-8750-F3DC3EB3888A}"
EndProject
Global
	GlobalSection(SolutionConfigurationPlatforms) = preSolution
		Debug|x64 = Debug|x64
		Debug|x86 = Debug|x86
		Release|x64 = Release|x64
		Release|x86 = Release|x86
	EndGlobalSection
	GlobalSection(ProjectConfigurationPlatforms) = postSolution
		{03164099-770F-48C6-8750-F3DC3EB3888A}.Debug|x64.ActiveCfg = Debug|x64
		{03164099-770F-48C6-8750-F3DC3EB3888A}.Debug|x64.Build.0 = Debug|x64
		{03164099-770F-48C6-8750-F3DC3EB3888A}.Debug|x86.ActiveCfg = Debug|Win32
		{03164099-770F-48C6-8750-F3DC3EB3888A}.Debug|x86.Build.0 = Debug|Win32
		{03164099-770F-48C6-8750-F3DC3EB3888A}.Release|x64.ActiveCfg = Release|x64
		{03164099-770F-48C6-8750-F3DC3EB3888A}.Release|x64.Build.0 = Release|x64
		{03164099-770F-48C6-8750-F3DC3EB3888A}.Release|x86.ActiveCfg = Release|Win32
		{03164099-770F-48C6-8750-F3DC3EB3888A}.Release|x86.Build.0 = Release|Win32
	EndGlobalSection
	GlobalSection(SolutionProperties) = preSolution
		HideSolutionNode = FALSE
	EndGlobalSection
	GlobalSection(ExtensibilityGlobals) = postSolution
		SolutionGuid = {418D3E98-93E4-4D80-8807-7916A057B36F}
	EndGlobalSection
EndGlobal
